// !$*UTF8*$!
{
	archiveVersion = 1;
	classes = {
	};
	objectVersion = 46;
	objects = {

/* Begin PBXBuildFile section */
		964720DD1D8E2D5A008A4A84 /* VerificationTests.swift in Sources */ = {isa = PBXBuildFile; fileRef = 964720DC1D8E2D5A008A4A84 /* VerificationTests.swift */; };
		966BCEDF1DA0403000A9097E /* ExplainTests.swift in Sources */ = {isa = PBXBuildFile; fileRef = 966BCEDE1DA0403000A9097E /* ExplainTests.swift */; };
		_LinkFileRef_MockingBird_via_MockingBirdTests /* MockingBird.framework in Frameworks */ = {isa = PBXBuildFile; fileRef = "_____Product_MockingBird" /* MockingBird.framework */; };
		__src_cc_ref_Sources/MockingBird.swift /* MockingBird.swift in Sources */ = {isa = PBXBuildFile; fileRef = __PBXFileRef_Sources/MockingBird.swift /* MockingBird.swift */; };
		__src_cc_ref_Tests/MockingBirdTests/MockingBirdTests.swift /* StubbingTests.swift in Sources */ = {isa = PBXBuildFile; fileRef = __PBXFileRef_Tests/MockingBirdTests/MockingBirdTests.swift /* StubbingTests.swift */; };
/* End PBXBuildFile section */

/* Begin PBXContainerItemProxy section */
		966FDEC61D6A1AA000774132 /* PBXContainerItemProxy */ = {
			isa = PBXContainerItemProxy;
			containerPortal = __RootObject_ /* Project object */;
			proxyType = 1;
			remoteGlobalIDString = "______Target_MockingBird";
			remoteInfo = MockingBird;
		};
/* End PBXContainerItemProxy section */

/* Begin PBXFileReference section */
		964720DC1D8E2D5A008A4A84 /* VerificationTests.swift */ = {isa = PBXFileReference; fileEncoding = 4; lastKnownFileType = sourcecode.swift; path = VerificationTests.swift; sourceTree = "<group>"; };
		966BCEDE1DA0403000A9097E /* ExplainTests.swift */ = {isa = PBXFileReference; fileEncoding = 4; lastKnownFileType = sourcecode.swift; path = ExplainTests.swift; sourceTree = "<group>"; };
		__PBXFileRef_MockingBird.xcodeproj/Configs/Project.xcconfig /* MockingBird.xcodeproj/Configs/Project.xcconfig */ = {isa = PBXFileReference; lastKnownFileType = text.xcconfig; path = MockingBird.xcodeproj/Configs/Project.xcconfig; sourceTree = "<group>"; };
		__PBXFileRef_Package.swift /* Package.swift */ = {isa = PBXFileReference; lastKnownFileType = sourcecode.swift; path = Package.swift; sourceTree = "<group>"; };
		__PBXFileRef_Sources/MockingBird.swift /* MockingBird.swift */ = {isa = PBXFileReference; lastKnownFileType = sourcecode.swift; path = MockingBird.swift; sourceTree = "<group>"; };
		__PBXFileRef_Tests/MockingBirdTests/MockingBirdTests.swift /* StubbingTests.swift */ = {isa = PBXFileReference; lastKnownFileType = sourcecode.swift; path = StubbingTests.swift; sourceTree = "<group>"; };
		"_____Product_MockingBird" /* MockingBird.framework */ = {isa = PBXFileReference; explicitFileType = wrapper.framework; path = MockingBird.framework; sourceTree = BUILT_PRODUCTS_DIR; };
		"_____Product_MockingBirdTests" /* MockingBirdTests.xctest */ = {isa = PBXFileReference; lastKnownFileType = file; path = MockingBirdTests.xctest; sourceTree = BUILT_PRODUCTS_DIR; };
/* End PBXFileReference section */

/* Begin PBXFrameworksBuildPhase section */
		"___LinkPhase_MockingBird" /* Frameworks */ = {
			isa = PBXFrameworksBuildPhase;
			buildActionMask = 0;
			files = (
			);
			runOnlyForDeploymentPostprocessing = 0;
		};
		"___LinkPhase_MockingBirdTests" /* Frameworks */ = {
			isa = PBXFrameworksBuildPhase;
			buildActionMask = 0;
			files = (
				_LinkFileRef_MockingBird_via_MockingBirdTests /* MockingBird.framework in Frameworks */,
			);
			runOnlyForDeploymentPostprocessing = 0;
		};
/* End PBXFrameworksBuildPhase section */

/* Begin PBXGroup section */
		TestProducts_ /* Tests */ = {
			isa = PBXGroup;
			children = (
				"_____Product_MockingBirdTests" /* MockingBirdTests.xctest */,
			);
			name = Tests;
			sourceTree = "<group>";
		};
		"___RootGroup_" = {
			isa = PBXGroup;
			children = (
				__PBXFileRef_Package.swift /* Package.swift */,
				"_____Configs_" /* Configs */,
				"_____Sources_" /* Sources */,
				"_______Tests_" /* Tests */,
				"____Products_" /* Products */,
			);
			sourceTree = "<group>";
		};
		"____Products_" /* Products */ = {
			isa = PBXGroup;
			children = (
				TestProducts_ /* Tests */,
				"_____Product_MockingBird" /* MockingBird.framework */,
			);
			name = Products;
			sourceTree = "<group>";
		};
		"_____Configs_" /* Configs */ = {
			isa = PBXGroup;
			children = (
				__PBXFileRef_MockingBird.xcodeproj/Configs/Project.xcconfig /* MockingBird.xcodeproj/Configs/Project.xcconfig */,
			);
			name = Configs;
			sourceTree = "<group>";
		};
		"_____Sources_" /* Sources */ = {
			isa = PBXGroup;
			children = (
				"_______Group_MockingBird" /* MockingBird */,
			);
			name = Sources;
			sourceTree = "<group>";
		};
		"_______Group_MockingBird" /* MockingBird */ = {
			isa = PBXGroup;
			children = (
				__PBXFileRef_Sources/MockingBird.swift /* MockingBird.swift */,
			);
			name = MockingBird;
			path = Sources;
			sourceTree = "<group>";
		};
		"_______Group_MockingBirdTests" /* MockingBirdTests */ = {
			isa = PBXGroup;
			children = (
				966BCEDE1DA0403000A9097E /* ExplainTests.swift */,
				__PBXFileRef_Tests/MockingBirdTests/MockingBirdTests.swift /* StubbingTests.swift */,
				964720DC1D8E2D5A008A4A84 /* VerificationTests.swift */,
			);
			name = MockingBirdTests;
			path = Tests/MockingBirdTests;
			sourceTree = "<group>";
		};
		"_______Tests_" /* Tests */ = {
			isa = PBXGroup;
			children = (
				"_______Group_MockingBirdTests" /* MockingBirdTests */,
			);
			name = Tests;
			sourceTree = "<group>";
		};
/* End PBXGroup section */

/* Begin PBXNativeTarget section */
		"______Target_MockingBird" /* MockingBird */ = {
			isa = PBXNativeTarget;
			buildConfigurationList = "_______Confs_MockingBird" /* Build configuration list for PBXNativeTarget "MockingBird" */;
			buildPhases = (
				CompilePhase_MockingBird /* Sources */,
				"___LinkPhase_MockingBird" /* Frameworks */,
			);
			buildRules = (
			);
			dependencies = (
			);
			name = MockingBird;
			productName = MockingBird;
			productReference = "_____Product_MockingBird" /* MockingBird.framework */;
			productType = "com.apple.product-type.framework";
		};
		"______Target_MockingBirdTests" /* MockingBirdTests */ = {
			isa = PBXNativeTarget;
			buildConfigurationList = "_______Confs_MockingBirdTests" /* Build configuration list for PBXNativeTarget "MockingBirdTests" */;
			buildPhases = (
				CompilePhase_MockingBirdTests /* Sources */,
				"___LinkPhase_MockingBirdTests" /* Frameworks */,
			);
			buildRules = (
			);
			dependencies = (
				__Dependency_MockingBird /* PBXTargetDependency */,
			);
			name = MockingBirdTests;
			productName = MockingBirdTests;
			productReference = "_____Product_MockingBirdTests" /* MockingBirdTests.xctest */;
			productType = "com.apple.product-type.bundle.unit-test";
		};
/* End PBXNativeTarget section */

/* Begin PBXProject section */
		__RootObject_ /* Project object */ = {
			isa = PBXProject;
			attributes = {
				LastUpgradeCheck = 9999;
			};
			buildConfigurationList = "___RootConfs_" /* Build configuration list for PBXProject "MockingBird" */;
			compatibilityVersion = "Xcode 3.2";
			developmentRegion = English;
			hasScannedForEncodings = 0;
			knownRegions = (
				en,
			);
			mainGroup = "___RootGroup_";
			productRefGroup = "____Products_" /* Products */;
			projectDirPath = "";
			projectRoot = "";
			targets = (
				"______Target_MockingBird" /* MockingBird */,
				"______Target_MockingBirdTests" /* MockingBirdTests */,
			);
		};
/* End PBXProject section */

/* Begin PBXSourcesBuildPhase section */
		CompilePhase_MockingBird /* Sources */ = {
			isa = PBXSourcesBuildPhase;
			buildActionMask = 0;
			files = (
				__src_cc_ref_Sources/MockingBird.swift /* MockingBird.swift in Sources */,
			);
			runOnlyForDeploymentPostprocessing = 0;
		};
		CompilePhase_MockingBirdTests /* Sources */ = {
			isa = PBXSourcesBuildPhase;
			buildActionMask = 0;
			files = (
				964720DD1D8E2D5A008A4A84 /* VerificationTests.swift in Sources */,
				966BCEDF1DA0403000A9097E /* ExplainTests.swift in Sources */,
				__src_cc_ref_Tests/MockingBirdTests/MockingBirdTests.swift /* StubbingTests.swift in Sources */,
			);
			runOnlyForDeploymentPostprocessing = 0;
		};
/* End PBXSourcesBuildPhase section */

/* Begin PBXTargetDependency section */
		__Dependency_MockingBird /* PBXTargetDependency */ = {
			isa = PBXTargetDependency;
			target = "______Target_MockingBird" /* MockingBird */;
			targetProxy = 966FDEC61D6A1AA000774132 /* PBXContainerItemProxy */;
		};
/* End PBXTargetDependency section */

/* Begin XCBuildConfiguration section */
		_ReleaseConf_MockingBird /* Release */ = {
			isa = XCBuildConfiguration;
			buildSettings = {
				ENABLE_TESTABILITY = YES;
				FRAMEWORK_SEARCH_PATHS = "$(PLATFORM_DIR)/Developer/Library/Frameworks";
				INFOPLIST_FILE = MockingBird.xcodeproj/MockingBird_Info.plist;
				LD_RUNPATH_SEARCH_PATHS = "$(TOOLCHAIN_DIR)/usr/lib/swift/macosx";
				OTHER_LDFLAGS = "$(inherited)";
				OTHER_SWIFT_FLAGS = "$(inherited)";
				PRODUCT_BUNDLE_IDENTIFIER = MockingBird;
				PRODUCT_MODULE_NAME = "$(TARGET_NAME:c99extidentifier)";
				PRODUCT_NAME = "$(TARGET_NAME:c99extidentifier)";
				SWIFT_VERSION = 3.0;
			};
			name = Release;
		};
		_ReleaseConf_MockingBirdTests /* Release */ = {
			isa = XCBuildConfiguration;
			buildSettings = {
				EMBEDDED_CONTENT_CONTAINS_SWIFT = YES;
				FRAMEWORK_SEARCH_PATHS = "$(PLATFORM_DIR)/Developer/Library/Frameworks";
				INFOPLIST_FILE = MockingBird.xcodeproj/MockingBirdTests_Info.plist;
				LD_RUNPATH_SEARCH_PATHS = "@loader_path/../Frameworks";
				OTHER_LDFLAGS = "$(inherited)";
				OTHER_SWIFT_FLAGS = "$(inherited)";
				SWIFT_VERSION = 3.0;
			};
			name = Release;
		};
		"___DebugConf_MockingBird" /* Debug */ = {
			isa = XCBuildConfiguration;
			buildSettings = {
				ENABLE_TESTABILITY = YES;
				FRAMEWORK_SEARCH_PATHS = "$(PLATFORM_DIR)/Developer/Library/Frameworks";
				INFOPLIST_FILE = MockingBird.xcodeproj/MockingBird_Info.plist;
				LD_RUNPATH_SEARCH_PATHS = "$(TOOLCHAIN_DIR)/usr/lib/swift/macosx";
				OTHER_LDFLAGS = "$(inherited)";
				OTHER_SWIFT_FLAGS = "$(inherited)";
				PRODUCT_BUNDLE_IDENTIFIER = MockingBird;
				PRODUCT_MODULE_NAME = "$(TARGET_NAME:c99extidentifier)";
				PRODUCT_NAME = "$(TARGET_NAME:c99extidentifier)";
				SWIFT_OPTIMIZATION_LEVEL = "-Onone";
				SWIFT_VERSION = 3.0;
			};
			name = Debug;
		};
		"___DebugConf_MockingBirdTests" /* Debug */ = {
			isa = XCBuildConfiguration;
			buildSettings = {
				EMBEDDED_CONTENT_CONTAINS_SWIFT = YES;
				FRAMEWORK_SEARCH_PATHS = "$(PLATFORM_DIR)/Developer/Library/Frameworks";
				INFOPLIST_FILE = MockingBird.xcodeproj/MockingBirdTests_Info.plist;
				LD_RUNPATH_SEARCH_PATHS = "@loader_path/../Frameworks";
				OTHER_LDFLAGS = "$(inherited)";
				OTHER_SWIFT_FLAGS = "$(inherited)";
				SWIFT_OPTIMIZATION_LEVEL = "-Onone";
				SWIFT_VERSION = 3.0;
			};
			name = Debug;
		};
		"_____Release_" /* Release */ = {
			isa = XCBuildConfiguration;
			baseConfigurationReference = __PBXFileRef_MockingBird.xcodeproj/Configs/Project.xcconfig /* MockingBird.xcodeproj/Configs/Project.xcconfig */;
			buildSettings = {
				IPHONEOS_DEPLOYMENT_TARGET = 8.1;
			};
			name = Release;
		};
		"_______Debug_" /* Debug */ = {
			isa = XCBuildConfiguration;
			baseConfigurationReference = __PBXFileRef_MockingBird.xcodeproj/Configs/Project.xcconfig /* MockingBird.xcodeproj/Configs/Project.xcconfig */;
			buildSettings = {
				IPHONEOS_DEPLOYMENT_TARGET = 8.1;
			};
			name = Debug;
		};
/* End XCBuildConfiguration section */

/* Begin XCConfigurationList section */
		"___RootConfs_" /* Build configuration list for PBXProject "MockingBird" */ = {
			isa = XCConfigurationList;
			buildConfigurations = (
				"_______Debug_" /* Debug */,
				"_____Release_" /* Release */,
			);
			defaultConfigurationIsVisible = 0;
			defaultConfigurationName = Debug;
		};
		"_______Confs_MockingBird" /* Build configuration list for PBXNativeTarget "MockingBird" */ = {
			isa = XCConfigurationList;
			buildConfigurations = (
				"___DebugConf_MockingBird" /* Debug */,
				_ReleaseConf_MockingBird /* Release */,
			);
			defaultConfigurationIsVisible = 0;
			defaultConfigurationName = Debug;
		};
		"_______Confs_MockingBirdTests" /* Build configuration list for PBXNativeTarget "MockingBirdTests" */ = {
			isa = XCConfigurationList;
			buildConfigurations = (
				"___DebugConf_MockingBirdTests" /* Debug */,
				_ReleaseConf_MockingBirdTests /* Release */,
			);
			defaultConfigurationIsVisible = 0;
			defaultConfigurationName = Debug;
		};
/* End XCConfigurationList section */
	};
	rootObject = __RootObject_ /* Project object */;
}
